
Microsoft Visual Studio Solution File, Format Version 12.00
# Visual Studio 15
VisualStudioVersion = 15.0.28307.1525
MinimumVisualStudioVersion = 10.0.40219.1
Project("{FAE04EC0-301F-11D3-BF4B-00C04F79EFBC}") = "MVCMainProject", "MVCMainProject\MVCMainProject.csproj", "{E95B1E4C-91DE-400A-B144-14E9341AB5E2}"
EndProject
Project("{FAE04EC0-301F-11D3-BF4B-00C04F79EFBC}") = "DataBaseProject", "DataBaseProject\DataBaseProject.csproj", "{F6FA6198-20E7-4025-B6B2-644F7E6C4CAC}"
EndProject
Project("{FAE04EC0-301F-11D3-BF4B-00C04F79EFBC}") = "ModelsProject", "ModelsProject\ModelsProject.csproj", "{D317BB61-8619-41B8-AB6D-E95D7F3A708D}"
EndProject
Global
	GlobalSection(SolutionConfigurationPlatforms) = preSolution
		Debug|Any CPU = Debug|Any CPU
		Release|Any CPU = Release|Any CPU
	EndGlobalSection
	GlobalSection(ProjectConfigurationPlatforms) = postSolution
		{E95B1E4C-91DE-400A-B144-14E9341AB5E2}.Debug|Any CPU.ActiveCfg = Debug|Any CPU
		{E95B1E4C-91DE-400A-B144-14E9341AB5E2}.Debug|Any CPU.Build.0 = Debug|Any CPU
		{E95B1E4C-91DE-400A-B144-14E9341AB5E2}.Release|Any CPU.ActiveCfg = Release|Any CPU
		{E95B1E4C-91DE-400A-B144-14E9341AB5E2}.Release|Any CPU.Build.0 = Release|Any CPU
		{F6FA6198-20E7-4025-B6B2-644F7E6C4CAC}.Debug|Any CPU.ActiveCfg = Debug|Any CPU
		{F6FA6198-20E7-4025-B6B2-644F7E6C4CAC}.Debug|Any CPU.Build.0 = Debug|Any CPU
		{F6FA6198-20E7-4025-B6B2-644F7E6C4CAC}.Release|Any CPU.ActiveCfg = Release|Any CPU
		{F6FA6198-20E7-4025-B6B2-644F7E6C4CAC}.Release|Any CPU.Build.0 = Release|Any CPU
		{D317BB61-8619-41B8-AB6D-E95D7F3A708D}.Debug|Any CPU.ActiveCfg = Debug|Any CPU
		{D317BB61-8619-41B8-AB6D-E95D7F3A708D}.Debug|Any CPU.Build.0 = Debug|Any CPU
		{D317BB61-8619-41B8-AB6D-E95D7F3A708D}.Release|Any CPU.ActiveCfg = Release|Any CPU
		{D317BB61-8619-41B8-AB6D-E95D7F3A708D}.Release|Any CPU.Build.0 = Release|Any CPU
	EndGlobalSection
	GlobalSection(SolutionProperties) = preSolution
		HideSolutionNode = FALSE
	EndGlobalSection
	GlobalSection(ExtensibilityGlobals) = postSolution
		SolutionGuid = {FFC4DF31-F8A0-48CA-95CB-F097EE34C200}
	EndGlobalSection
EndGlobal
